
Microsoft Visual Studio Solution File, Format Version 12.00
# Visual Studio Version 17
VisualStudioVersion = 17.4.33205.214
MinimumVisualStudioVersion = 10.0.40219.1
Project("{9A19103F-16F7-4668-BE54-9A1E7A4F7556}") = "Server", "COMP-4945-Assignment1\Server.csproj", "{9D23A1EB-98BE-4EB3-8C92-5D89AA612B95}"
EndProject
Global
	GlobalSection(SolutionConfigurationPlatforms) = preSolution
		Debug|Any CPU = Debug|Any CPU
		Release|Any CPU = Release|Any CPU
	EndGlobalSection
	GlobalSection(ProjectConfigurationPlatforms) = postSolution
		{9D23A1EB-98BE-4EB3-8C92-5D89AA612B95}.Debug|Any CPU.ActiveCfg = Debug|Any CPU
		{9D23A1EB-98BE-4EB3-8C92-5D89AA612B95}.Debug|Any CPU.Build.0 = Debug|Any CPU
		{9D23A1EB-98BE-4EB3-8C92-5D89AA612B95}.Release|Any CPU.ActiveCfg = Release|Any CPU
		{9D23A1EB-98BE-4EB3-8C92-5D89AA612B95}.Release|Any CPU.Build.0 = Release|Any CPU
	EndGlobalSection
	GlobalSection(SolutionProperties) = preSolution
		HideSolutionNode = FALSE
	EndGlobalSection
	GlobalSection(ExtensibilityGlobals) = postSolution
		SolutionGuid = {F5067F96-6434-49BA-BD64-51C0939CCDE2}
	EndGlobalSection
EndGlobal
